
Microsoft Visual Studio Solution File, Format Version 12.00
# Visual Studio Version 17
VisualStudioVersion = 17.3.32804.467
MinimumVisualStudioVersion = 10.0.40219.1
Project("{FAE04EC0-301F-11D3-BF4B-00C04F79EFBC}") = "docs", "docs\docs.csproj", "{B66A7F6C-E457-4E6D-B194-A185D91CD180}"
EndProject
Global
	GlobalSection(SolutionConfigurationPlatforms) = preSolution
		Debug|Any CPU = Debug|Any CPU
		Release|Any CPU = Release|Any CPU
	EndGlobalSection
	GlobalSection(ProjectConfigurationPlatforms) = postSolution
		{B66A7F6C-E457-4E6D-B194-A185D91CD180}.Debug|Any CPU.ActiveCfg = Debug|Any CPU
		{B66A7F6C-E457-4E6D-B194-A185D91CD180}.Debug|Any CPU.Build.0 = Debug|Any CPU
		{B66A7F6C-E457-4E6D-B194-A185D91CD180}.Release|Any CPU.ActiveCfg = Release|Any CPU
		{B66A7F6C-E457-4E6D-B194-A185D91CD180}.Release|Any CPU.Build.0 = Release|Any CPU
	EndGlobalSection
	GlobalSection(SolutionProperties) = preSolution
		HideSolutionNode = FALSE
	EndGlobalSection
	GlobalSection(ExtensibilityGlobals) = postSolution
		SolutionGuid = {9B3842C5-3AC3-41C0-9F57-50B47A8F948F}
	EndGlobalSection
EndGlobal
